{
  "name": "hh-game",
  "version": "1.0.0",
  "lockfileVersion": 1,
  "requires": true,
  "dependencies": {
    "phaser-ce": {
      "version": "2.11.0",
      "resolved": "https://registry.npmjs.org/phaser-ce/-/phaser-ce-2.11.0.tgz",
      "integrity": "sha512-3y0isbf/gCGIraF9M7fgZQIr5eUvmeb5q5WlIrngqB5ECdm4Q+5wYp/hwosnxaz8xpJk+4bx/EL5uMqZdSCuDQ=="
    }
  }
}
